
Microsoft Visual Studio Solution File, Format Version 12.00
# Visual Studio Version 16
VisualStudioVersion = 16.0.31005.135
MinimumVisualStudioVersion = 10.0.40219.1
Project("{8BC9CEB8-8B4A-11D0-8D11-00A0C91BC942}") = "KontrolTask2", "KontrolTask2\KontrolTask2.vcxproj", "{B411E063-1D8F-4C02-9DC7-49A1AFF48986}"
EndProject
Global
	GlobalSection(SolutionConfigurationPlatforms) = preSolution
		Debug|x64 = Debug|x64
		Debug|x86 = Debug|x86
		Release|x64 = Release|x64
		Release|x86 = Release|x86
	EndGlobalSection
	GlobalSection(ProjectConfigurationPlatforms) = postSolution
		{B411E063-1D8F-4C02-9DC7-49A1AFF48986}.Debug|x64.ActiveCfg = Debug|x64
		{B411E063-1D8F-4C02-9DC7-49A1AFF48986}.Debug|x64.Build.0 = Debug|x64
		{B411E063-1D8F-4C02-9DC7-49A1AFF48986}.Debug|x86.ActiveCfg = Debug|Win32
		{B411E063-1D8F-4C02-9DC7-49A1AFF48986}.Debug|x86.Build.0 = Debug|Win32
		{B411E063-1D8F-4C02-9DC7-49A1AFF48986}.Release|x64.ActiveCfg = Release|x64
		{B411E063-1D8F-4C02-9DC7-49A1AFF48986}.Release|x64.Build.0 = Release|x64
		{B411E063-1D8F-4C02-9DC7-49A1AFF48986}.Release|x86.ActiveCfg = Release|Win32
		{B411E063-1D8F-4C02-9DC7-49A1AFF48986}.Release|x86.Build.0 = Release|Win32
	EndGlobalSection
	GlobalSection(SolutionProperties) = preSolution
		HideSolutionNode = FALSE
	EndGlobalSection
	GlobalSection(ExtensibilityGlobals) = postSolution
		SolutionGuid = {FB5CF85A-8AA1-4A5A-80F8-6481DB74290C}
	EndGlobalSection
EndGlobal
