
Microsoft Visual Studio Solution File, Format Version 12.00
# Visual Studio Version 16
VisualStudioVersion = 16.0.31005.135
MinimumVisualStudioVersion = 10.0.40219.1
Project("{8BC9CEB8-8B4A-11D0-8D11-00A0C91BC942}") = "KontrolTask1", "KontrolTask1\KontrolTask1.vcxproj", "{A7955FDF-25ED-4BCF-8CB3-7FF59B0552EF}"
EndProject
Global
	GlobalSection(SolutionConfigurationPlatforms) = preSolution
		Debug|x64 = Debug|x64
		Debug|x86 = Debug|x86
		Release|x64 = Release|x64
		Release|x86 = Release|x86
	EndGlobalSection
	GlobalSection(ProjectConfigurationPlatforms) = postSolution
		{A7955FDF-25ED-4BCF-8CB3-7FF59B0552EF}.Debug|x64.ActiveCfg = Debug|x64
		{A7955FDF-25ED-4BCF-8CB3-7FF59B0552EF}.Debug|x64.Build.0 = Debug|x64
		{A7955FDF-25ED-4BCF-8CB3-7FF59B0552EF}.Debug|x86.ActiveCfg = Debug|Win32
		{A7955FDF-25ED-4BCF-8CB3-7FF59B0552EF}.Debug|x86.Build.0 = Debug|Win32
		{A7955FDF-25ED-4BCF-8CB3-7FF59B0552EF}.Release|x64.ActiveCfg = Release|x64
		{A7955FDF-25ED-4BCF-8CB3-7FF59B0552EF}.Release|x64.Build.0 = Release|x64
		{A7955FDF-25ED-4BCF-8CB3-7FF59B0552EF}.Release|x86.ActiveCfg = Release|Win32
		{A7955FDF-25ED-4BCF-8CB3-7FF59B0552EF}.Release|x86.Build.0 = Release|Win32
	EndGlobalSection
	GlobalSection(SolutionProperties) = preSolution
		HideSolutionNode = FALSE
	EndGlobalSection
	GlobalSection(ExtensibilityGlobals) = postSolution
		SolutionGuid = {29DFC502-52C2-4139-96D6-838D262E3263}
	EndGlobalSection
EndGlobal
